
Microsoft Visual Studio Solution File, Format Version 12.00
# Visual Studio Version 17
VisualStudioVersion = 17.9.34622.214
MinimumVisualStudioVersion = 10.0.40219.1
Project("{FAE04EC0-301F-11D3-BF4B-00C04F79EFBC}") = "miniProject_API", "miniProject_API\miniProject_API.csproj", "{73B2D40D-C555-4929-9871-96BE2722F963}"
EndProject
Global
	GlobalSection(SolutionConfigurationPlatforms) = preSolution
		Debug|Any CPU = Debug|Any CPU
		Release|Any CPU = Release|Any CPU
	EndGlobalSection
	GlobalSection(ProjectConfigurationPlatforms) = postSolution
		{73B2D40D-C555-4929-9871-96BE2722F963}.Debug|Any CPU.ActiveCfg = Debug|Any CPU
		{73B2D40D-C555-4929-9871-96BE2722F963}.Debug|Any CPU.Build.0 = Debug|Any CPU
		{73B2D40D-C555-4929-9871-96BE2722F963}.Release|Any CPU.ActiveCfg = Release|Any CPU
		{73B2D40D-C555-4929-9871-96BE2722F963}.Release|Any CPU.Build.0 = Release|Any CPU
	EndGlobalSection
	GlobalSection(SolutionProperties) = preSolution
		HideSolutionNode = FALSE
	EndGlobalSection
	GlobalSection(ExtensibilityGlobals) = postSolution
		SolutionGuid = {ED5C3B25-26B1-428F-B766-492C7AB3F780}
	EndGlobalSection
EndGlobal
